
Microsoft Visual Studio Solution File, Format Version 12.00
# Visual Studio Version 17
VisualStudioVersion = 17.9.34902.65
MinimumVisualStudioVersion = 10.0.40219.1
Project("{FAE04EC0-301F-11D3-BF4B-00C04F79EFBC}") = "TechLibrary", "TechLibrary\TechLibrary.csproj", "{A0501DC9-4FB8-4DE9-B55A-7F7485C2D4AB}"
EndProject
Global
	GlobalSection(SolutionConfigurationPlatforms) = preSolution
		Debug|Any CPU = Debug|Any CPU
		Release|Any CPU = Release|Any CPU
	EndGlobalSection
	GlobalSection(ProjectConfigurationPlatforms) = postSolution
		{A0501DC9-4FB8-4DE9-B55A-7F7485C2D4AB}.Debug|Any CPU.ActiveCfg = Debug|Any CPU
		{A0501DC9-4FB8-4DE9-B55A-7F7485C2D4AB}.Debug|Any CPU.Build.0 = Debug|Any CPU
		{A0501DC9-4FB8-4DE9-B55A-7F7485C2D4AB}.Release|Any CPU.ActiveCfg = Release|Any CPU
		{A0501DC9-4FB8-4DE9-B55A-7F7485C2D4AB}.Release|Any CPU.Build.0 = Release|Any CPU
	EndGlobalSection
	GlobalSection(SolutionProperties) = preSolution
		HideSolutionNode = FALSE
	EndGlobalSection
	GlobalSection(ExtensibilityGlobals) = postSolution
		SolutionGuid = {285187E2-5435-48A4-92AA-93930791DEFD}
	EndGlobalSection
EndGlobal
